{
  "name": "solid-material-ui",
  "version": "0.0.0",
  "lockfileVersion": 2,
  "requires": true,
  "packages": {
    "": {
      "name": "solid-material-ui",
      "version": "0.0.0",
      "workspaces": [
        "apps/*",
        "packages/*"
      ],
      "devDependencies": {
        "prettier": "^2.5.1",
        "turbo": "latest"
      },
      "engines": {
        "node": ">=14.0.0",
        "npm": ">=7.0.0"
      }
    },
    "node_modules/prettier": {
      "version": "2.5.1",
      "resolved": "https://registry.npmjs.org/prettier/-/prettier-2.5.1.tgz",
      "integrity": "sha512-vBZcPRUR5MZJwoyi3ZoyQlc1rXeEck8KgeC9AwwOn+exuxLxq5toTRDTSaVrXHxelDMHy9zlicw8u66yxoSUFg==",
      "dev": true,
      "bin": {
        "prettier": "bin-prettier.js"
      },
      "engines": {
        "node": ">=10.13.0"
      }
    },
    "node_modules/turbo": {
      "version": "1.0.26",
      "resolved": "https://registry.npmjs.org/turbo/-/turbo-1.0.26.tgz",
      "integrity": "sha512-XOq/qR5zZnSofX052KQRIMUng5h4gpOGvy0afw9jPLN8pPg0Ct54NVbloOBcVhGbCxPYJP0dpbkQuC/lxzdHpA==",
      "dev": true,
      "hasInstallScript": true,
      "bin": {
        "turbo": "bin/turbo"
      },
      "optionalDependencies": {
        "turbo-darwin-64": "1.0.26",
        "turbo-darwin-arm64": "1.0.26",
        "turbo-freebsd-64": "1.0.26",
        "turbo-freebsd-arm64": "1.0.26",
        "turbo-linux-32": "1.0.26",
        "turbo-linux-64": "1.0.26",
        "turbo-linux-arm": "1.0.26",
        "turbo-linux-arm64": "1.0.26",
        "turbo-linux-mips64le": "1.0.26",
        "turbo-linux-ppc64le": "1.0.26",
        "turbo-windows-32": "1.0.26",
        "turbo-windows-64": "1.0.26"
      }
    },
    "node_modules/turbo-darwin-64": {
      "version": "1.0.26",
      "resolved": "https://registry.npmjs.org/turbo-darwin-64/-/turbo-darwin-64-1.0.26.tgz",
      "integrity": "sha512-PehbiMm1fKqQPpH/nuGbdHSTmO7YKqODp5RAmxvWaJ7VW9IsQiRRxORegREd/vmsBfeuEky0DRM+POCr5eAccA==",
      "cpu": [
        "x64"
      ],
      "dev": true,
      "optional": true,
      "os": [
        "darwin"
      ]
    },
    "node_modules/turbo-darwin-arm64": {
      "version": "1.0.26",
      "resolved": "https://registry.npmjs.org/turbo-darwin-arm64/-/turbo-darwin-arm64-1.0.26.tgz",
      "integrity": "sha512-6hg7QtpIHLRzRlWGFK81yqvhQpi/9Eae/toqeAaK8xU5RvgZsLVNEwpr/7rOA9zqhzg25sBlXJiCP/N6Dak/QA==",
      "cpu": [
        "arm64"
      ],
      "dev": true,
      "optional": true,
      "os": [
        "darwin"
      ]
    },
    "node_modules/turbo-freebsd-64": {
      "version": "1.0.26",
      "resolved": "https://registry.npmjs.org/turbo-freebsd-64/-/turbo-freebsd-64-1.0.26.tgz",
      "integrity": "sha512-lyKGXCQi7ptXEOycf0+r+xMVYR+u8hZ9SMu6oySWNAj+GB1/knR7kI0KOkAHA9kqEnb8ANMyq10HxkGDgDF/lg==",
      "cpu": [
        "x64"
      ],
      "dev": true,
      "optional": true,
      "os": [
        "freebsd"
      ]
    },
    "node_modules/turbo-freebsd-arm64": {
      "version": "1.0.26",
      "resolved": "https://registry.npmjs.org/turbo-freebsd-arm64/-/turbo-freebsd-arm64-1.0.26.tgz",
      "integrity": "sha512-so2EzesYdOTsPLwH4eVBR+IR3Cg6UKEzk6sFdCXeDDu3fEiunzeFT8+hDEV7I7zPzalIjHH4QuovTZOghcTAcQ==",
      "cpu": [
        "arm64"
      ],
      "dev": true,
      "optional": true,
      "os": [
        "freebsd"
      ]
    },
    "node_modules/turbo-linux-32": {
      "version": "1.0.26",
      "resolved": "https://registry.npmjs.org/turbo-linux-32/-/turbo-linux-32-1.0.26.tgz",
      "integrity": "sha512-DEpnBITpgI/Q6HRbkEmEWqiB/U59fZqLtc7E7fdQUVwlUR8+XdUFyn+VPp6ho+YVD5cpCuPklyOEs2yfsg06yQ==",
      "cpu": [
        "ia32"
      ],
      "dev": true,
      "optional": true,
      "os": [
        "linux"
      ]
    },
    "node_modules/turbo-linux-64": {
      "version": "1.0.26",
      "resolved": "https://registry.npmjs.org/turbo-linux-64/-/turbo-linux-64-1.0.26.tgz",
      "integrity": "sha512-Ub/uw6g9O/riIXusc0y0bMwV8xZR7DqD5u+QCABp6Rpk+NGzEJZv2eX+BRk3A2rVD6rX5ww5+zrgY7+A0Nta0Q==",
      "cpu": [
        "x64"
      ],
      "dev": true,
      "optional": true,
      "os": [
        "linux"
      ]
    },
    "node_modules/turbo-linux-arm": {
      "version": "1.0.26",
      "resolved": "https://registry.npmjs.org/turbo-linux-arm/-/turbo-linux-arm-1.0.26.tgz",
      "integrity": "sha512-SmI3l2zHbUdUREKr10RqsiXZltDKtwPwc0dHhVeLoKl0itmL4kIxJq+CvcPGiN87kTccvgoKILT5mJuoHVNeGA==",
      "cpu": [
        "arm"
      ],
      "dev": true,
      "optional": true,
      "os": [
        "linux"
      ]
    },
    "node_modules/turbo-linux-arm64": {
      "version": "1.0.26",
      "resolved": "https://registry.npmjs.org/turbo-linux-arm64/-/turbo-linux-arm64-1.0.26.tgz",
      "integrity": "sha512-z+0I/bY954FkqOTtMXvseAfR/hEgbpL7EePw/9Lxy1l6m1+4Fj6OIOncsbhavGtZAYFndjaB03rb2wW+vk6v2w==",
      "cpu": [
        "arm64"
      ],
      "dev": true,
      "optional": true,
      "os": [
        "linux"
      ]
    },
    "node_modules/turbo-linux-mips64le": {
      "version": "1.0.26",
      "resolved": "https://registry.npmjs.org/turbo-linux-mips64le/-/turbo-linux-mips64le-1.0.26.tgz",
      "integrity": "sha512-JA2JKthNYRIOGPVjD65Bvhe/ebXjKryz38EtsuuVSmDbk+iqvCKYfIDAt/9MqeTzGH7mMi4JZqW5QYCH8m0csA==",
      "cpu": [
        "mips64el"
      ],
      "dev": true,
      "optional": true,
      "os": [
        "linux"
      ]
    },
    "node_modules/turbo-linux-ppc64le": {
      "version": "1.0.26",
      "resolved": "https://registry.npmjs.org/turbo-linux-ppc64le/-/turbo-linux-ppc64le-1.0.26.tgz",
      "integrity": "sha512-thkJJ62OAB8BW/tzkLEZrFqOLKA9j/rrbZSC9mKLDfa2wDQnVGn/e9R0/qHJhXxTxDtzSV9SjzcD7fHYRJ4fjw==",
      "cpu": [
        "ppc64"
      ],
      "dev": true,
      "optional": true,
      "os": [
        "linux"
      ]
    },
    "node_modules/turbo-windows-32": {
      "version": "1.0.26",
      "resolved": "https://registry.npmjs.org/turbo-windows-32/-/turbo-windows-32-1.0.26.tgz",
      "integrity": "sha512-79Bs1Uhrn53vrjdhzMag+eJEqk03zqRguWrkceMgsX8hFr8soTSgqMKhl/g6GPMMdAdjxQKgEuujqVndqLgI0g==",
      "cpu": [
        "ia32"
      ],
      "dev": true,
      "optional": true,
      "os": [
        "win32"
      ]
    },
    "node_modules/turbo-windows-64": {
      "version": "1.0.26",
      "resolved": "https://registry.npmjs.org/turbo-windows-64/-/turbo-windows-64-1.0.26.tgz",
      "integrity": "sha512-jGmDMPPy4bRdgoMstrFKYv58ehpejk+Jg6gMS/F5sESrifWSIReernnURE+FtfrUFh2KgcwFMTdvGJAHfTlDEg==",
      "cpu": [
        "x64"
      ],
      "dev": true,
      "optional": true,
      "os": [
        "win32"
      ]
    }
  },
  "dependencies": {
    "prettier": {
      "version": "2.5.1",
      "resolved": "https://registry.npmjs.org/prettier/-/prettier-2.5.1.tgz",
      "integrity": "sha512-vBZcPRUR5MZJwoyi3ZoyQlc1rXeEck8KgeC9AwwOn+exuxLxq5toTRDTSaVrXHxelDMHy9zlicw8u66yxoSUFg==",
      "dev": true
    },
    "turbo": {
      "version": "1.0.26",
      "resolved": "https://registry.npmjs.org/turbo/-/turbo-1.0.26.tgz",
      "integrity": "sha512-XOq/qR5zZnSofX052KQRIMUng5h4gpOGvy0afw9jPLN8pPg0Ct54NVbloOBcVhGbCxPYJP0dpbkQuC/lxzdHpA==",
      "dev": true,
      "requires": {
        "turbo-darwin-64": "1.0.26",
        "turbo-darwin-arm64": "1.0.26",
        "turbo-freebsd-64": "1.0.26",
        "turbo-freebsd-arm64": "1.0.26",
        "turbo-linux-32": "1.0.26",
        "turbo-linux-64": "1.0.26",
        "turbo-linux-arm": "1.0.26",
        "turbo-linux-arm64": "1.0.26",
        "turbo-linux-mips64le": "1.0.26",
        "turbo-linux-ppc64le": "1.0.26",
        "turbo-windows-32": "1.0.26",
        "turbo-windows-64": "1.0.26"
      }
    },
    "turbo-darwin-64": {
      "version": "1.0.26",
      "resolved": "https://registry.npmjs.org/turbo-darwin-64/-/turbo-darwin-64-1.0.26.tgz",
      "integrity": "sha512-PehbiMm1fKqQPpH/nuGbdHSTmO7YKqODp5RAmxvWaJ7VW9IsQiRRxORegREd/vmsBfeuEky0DRM+POCr5eAccA==",
      "dev": true,
      "optional": true
    },
    "turbo-darwin-arm64": {
      "version": "1.0.26",
      "resolved": "https://registry.npmjs.org/turbo-darwin-arm64/-/turbo-darwin-arm64-1.0.26.tgz",
      "integrity": "sha512-6hg7QtpIHLRzRlWGFK81yqvhQpi/9Eae/toqeAaK8xU5RvgZsLVNEwpr/7rOA9zqhzg25sBlXJiCP/N6Dak/QA==",
      "dev": true,
      "optional": true
    },
    "turbo-freebsd-64": {
      "version": "1.0.26",
      "resolved": "https://registry.npmjs.org/turbo-freebsd-64/-/turbo-freebsd-64-1.0.26.tgz",
      "integrity": "sha512-lyKGXCQi7ptXEOycf0+r+xMVYR+u8hZ9SMu6oySWNAj+GB1/knR7kI0KOkAHA9kqEnb8ANMyq10HxkGDgDF/lg==",
      "dev": true,
      "optional": true
    },
    "turbo-freebsd-arm64": {
      "version": "1.0.26",
      "resolved": "https://registry.npmjs.org/turbo-freebsd-arm64/-/turbo-freebsd-arm64-1.0.26.tgz",
      "integrity": "sha512-so2EzesYdOTsPLwH4eVBR+IR3Cg6UKEzk6sFdCXeDDu3fEiunzeFT8+hDEV7I7zPzalIjHH4QuovTZOghcTAcQ==",
      "dev": true,
      "optional": true
    },
    "turbo-linux-32": {
      "version": "1.0.26",
      "resolved": "https://registry.npmjs.org/turbo-linux-32/-/turbo-linux-32-1.0.26.tgz",
      "integrity": "sha512-DEpnBITpgI/Q6HRbkEmEWqiB/U59fZqLtc7E7fdQUVwlUR8+XdUFyn+VPp6ho+YVD5cpCuPklyOEs2yfsg06yQ==",
      "dev": true,
      "optional": true
    },
    "turbo-linux-64": {
      "version": "1.0.26",
      "resolved": "https://registry.npmjs.org/turbo-linux-64/-/turbo-linux-64-1.0.26.tgz",
      "integrity": "sha512-Ub/uw6g9O/riIXusc0y0bMwV8xZR7DqD5u+QCABp6Rpk+NGzEJZv2eX+BRk3A2rVD6rX5ww5+zrgY7+A0Nta0Q==",
      "dev": true,
      "optional": true
    },
    "turbo-linux-arm": {
      "version": "1.0.26",
      "resolved": "https://registry.npmjs.org/turbo-linux-arm/-/turbo-linux-arm-1.0.26.tgz",
      "integrity": "sha512-SmI3l2zHbUdUREKr10RqsiXZltDKtwPwc0dHhVeLoKl0itmL4kIxJq+CvcPGiN87kTccvgoKILT5mJuoHVNeGA==",
      "dev": true,
      "optional": true
    },
    "turbo-linux-arm64": {
      "version": "1.0.26",
      "resolved": "https://registry.npmjs.org/turbo-linux-arm64/-/turbo-linux-arm64-1.0.26.tgz",
      "integrity": "sha512-z+0I/bY954FkqOTtMXvseAfR/hEgbpL7EePw/9Lxy1l6m1+4Fj6OIOncsbhavGtZAYFndjaB03rb2wW+vk6v2w==",
      "dev": true,
      "optional": true
    },
    "turbo-linux-mips64le": {
      "version": "1.0.26",
      "resolved": "https://registry.npmjs.org/turbo-linux-mips64le/-/turbo-linux-mips64le-1.0.26.tgz",
      "integrity": "sha512-JA2JKthNYRIOGPVjD65Bvhe/ebXjKryz38EtsuuVSmDbk+iqvCKYfIDAt/9MqeTzGH7mMi4JZqW5QYCH8m0csA==",
      "dev": true,
      "optional": true
    },
    "turbo-linux-ppc64le": {
      "version": "1.0.26",
      "resolved": "https://registry.npmjs.org/turbo-linux-ppc64le/-/turbo-linux-ppc64le-1.0.26.tgz",
      "integrity": "sha512-thkJJ62OAB8BW/tzkLEZrFqOLKA9j/rrbZSC9mKLDfa2wDQnVGn/e9R0/qHJhXxTxDtzSV9SjzcD7fHYRJ4fjw==",
      "dev": true,
      "optional": true
    },
    "turbo-windows-32": {
      "version": "1.0.26",
      "resolved": "https://registry.npmjs.org/turbo-windows-32/-/turbo-windows-32-1.0.26.tgz",
      "integrity": "sha512-79Bs1Uhrn53vrjdhzMag+eJEqk03zqRguWrkceMgsX8hFr8soTSgqMKhl/g6GPMMdAdjxQKgEuujqVndqLgI0g==",
      "dev": true,
      "optional": true
    },
    "turbo-windows-64": {
      "version": "1.0.26",
      "resolved": "https://registry.npmjs.org/turbo-windows-64/-/turbo-windows-64-1.0.26.tgz",
      "integrity": "sha512-jGmDMPPy4bRdgoMstrFKYv58ehpejk+Jg6gMS/F5sESrifWSIReernnURE+FtfrUFh2KgcwFMTdvGJAHfTlDEg==",
      "dev": true,
      "optional": true
    }
  }
}
